Microsoft Visual Studio Solution File, Format Version 12.00
# Visual Studio Version 17
VisualStudioVersion = 17.5.2.0
MinimumVisualStudioVersion = 10.0.40219.1
Project("{FAE04EC0-301F-11D3-BF4B-00C04F79EFBC}") = "GameStore.Client", "GameStore.Client\GameStore.Client.csproj", "{7234CEC9-F6E7-F32D-0001-D1FB673DDD52}"
EndProject
Global
	GlobalSection(SolutionConfigurationPlatforms) = preSolution
		Debug|Any CPU = Debug|Any CPU
		Release|Any CPU = Release|Any CPU
	EndGlobalSection
	GlobalSection(ProjectConfigurationPlatforms) = postSolution
		{7234CEC9-F6E7-F32D-0001-D1FB673DDD52}.Debug|Any CPU.ActiveCfg = Debug|Any CPU
		{7234CEC9-F6E7-F32D-0001-D1FB673DDD52}.Debug|Any CPU.Build.0 = Debug|Any CPU
		{7234CEC9-F6E7-F32D-0001-D1FB673DDD52}.Release|Any CPU.ActiveCfg = Release|Any CPU
		{7234CEC9-F6E7-F32D-0001-D1FB673DDD52}.Release|Any CPU.Build.0 = Release|Any CPU
	EndGlobalSection
	GlobalSection(SolutionProperties) = preSolution
		HideSolutionNode = FALSE
	EndGlobalSection
	GlobalSection(ExtensibilityGlobals) = postSolution
		SolutionGuid = {4F8EE3A9-B996-4694-9FBD-3128ABFA5A7B}
	EndGlobalSection
EndGlobal
